
Microsoft Visual Studio Solution File, Format Version 12.00
# Visual Studio Version 17
VisualStudioVersion = 17.2.32616.157
MinimumVisualStudioVersion = 10.0.40219.1
Project("{2150E333-8FDC-42A3-9474-1A3956D46DE8}") = "src", "src", "{60E2AA27-F390-4152-9039-A05388E2D3D8}"
	ProjectSection(SolutionItems) = preProject
		src\Directory.Build.props = src\Directory.Build.props
	EndProjectSection
EndProject
Project("{FAE04EC0-301F-11D3-BF4B-00C04F79EFBC}") = "ConfigurationProcessor.Core", "src\ConfigurationProcessor.Core\ConfigurationProcessor.Core.csproj", "{4C15C4B2-B93E-4502-ADD0-751CB6BEDF8F}"
EndProject
Project("{2150E333-8FDC-42A3-9474-1A3956D46DE8}") = "tests", "tests", "{14052F2C-4DA2-45FC-8F05-33B7AC728494}"
EndProject
Project("{FAE04EC0-301F-11D3-BF4B-00C04F79EFBC}") = "ConfigurationProcessor.DependencyInjection", "src\ConfigurationProcessor.DependencyInjection\ConfigurationProcessor.DependencyInjection.csproj", "{71B2BF0A-3C15-48ED-80EE-4A05D1982BF5}"
EndProject
Project("{FAE04EC0-301F-11D3-BF4B-00C04F79EFBC}") = "ConfigurationProcessor.DependencyInjection.UnitTests", "tests\ConfigurationProcessor.DependencyInjection.UnitTests\ConfigurationProcessor.DependencyInjection.UnitTests.csproj", "{DE83BDEA-C292-4C25-985A-20B82D7DA49A}"
EndProject
Project("{FAE04EC0-301F-11D3-BF4B-00C04F79EFBC}") = "TestDummies", "tests\TestDummies\TestDummies.csproj", "{E82105A1-8CCD-48E6-BDB0-0674E5A48B57}"
EndProject
Project("{2150E333-8FDC-42A3-9474-1A3956D46DE8}") = "Solution Items", "Solution Items", "{B84F3AD4-1B72-4C9B-9C86-5EED9AAAF45D}"
	ProjectSection(SolutionItems) = preProject
		.editorconfig = .editorconfig
		README.md = README.md
		stylecop.json = stylecop.json
	EndProjectSection
EndProject
Project("{2150E333-8FDC-42A3-9474-1A3956D46DE8}") = "sample", "sample", "{645ABE25-B876-4372-8712-C66AA34020FC}"
EndProject
Project("{FAE04EC0-301F-11D3-BF4B-00C04F79EFBC}") = "TestWebApi", "sample\TestWebApi\TestWebApi.csproj", "{E0701DAA-2CF7-4DF2-A0D1-6B92F332FF03}"
EndProject
Project("{FAE04EC0-301F-11D3-BF4B-00C04F79EFBC}") = "ConfigurationProcessor.AspNetCore", "src\ConfigurationProcessor.AspNetCore\ConfigurationProcessor.AspNetCore.csproj", "{A8B7B478-1A1E-423A-A0E7-4C52C1C0C803}"
EndProject
Global
	GlobalSection(SolutionConfigurationPlatforms) = preSolution
		Debug|Any CPU = Debug|Any CPU
		Release|Any CPU = Release|Any CPU
	EndGlobalSection
	GlobalSection(ProjectConfigurationPlatforms) = postSolution
		{4C15C4B2-B93E-4502-ADD0-751CB6BEDF8F}.Debug|Any CPU.ActiveCfg = Debug|Any CPU
		{4C15C4B2-B93E-4502-ADD0-751CB6BEDF8F}.Debug|Any CPU.Build.0 = Debug|Any CPU
		{4C15C4B2-B93E-4502-ADD0-751CB6BEDF8F}.Release|Any CPU.ActiveCfg = Release|Any CPU
		{4C15C4B2-B93E-4502-ADD0-751CB6BEDF8F}.Release|Any CPU.Build.0 = Release|Any CPU
		{71B2BF0A-3C15-48ED-80EE-4A05D1982BF5}.Debug|Any CPU.ActiveCfg = Debug|Any CPU
		{71B2BF0A-3C15-48ED-80EE-4A05D1982BF5}.Debug|Any CPU.Build.0 = Debug|Any CPU
		{71B2BF0A-3C15-48ED-80EE-4A05D1982BF5}.Release|Any CPU.ActiveCfg = Release|Any CPU
		{71B2BF0A-3C15-48ED-80EE-4A05D1982BF5}.Release|Any CPU.Build.0 = Release|Any CPU
		{DE83BDEA-C292-4C25-985A-20B82D7DA49A}.Debug|Any CPU.ActiveCfg = Debug|Any CPU
		{DE83BDEA-C292-4C25-985A-20B82D7DA49A}.Debug|Any CPU.Build.0 = Debug|Any CPU
		{DE83BDEA-C292-4C25-985A-20B82D7DA49A}.Release|Any CPU.ActiveCfg = Release|Any CPU
		{DE83BDEA-C292-4C25-985A-20B82D7DA49A}.Release|Any CPU.Build.0 = Release|Any CPU
		{E82105A1-8CCD-48E6-BDB0-0674E5A48B57}.Debug|Any CPU.ActiveCfg = Debug|Any CPU
		{E82105A1-8CCD-48E6-BDB0-0674E5A48B57}.Debug|Any CPU.Build.0 = Debug|Any CPU
		{E82105A1-8CCD-48E6-BDB0-0674E5A48B57}.Release|Any CPU.ActiveCfg = Release|Any CPU
		{E82105A1-8CCD-48E6-BDB0-0674E5A48B57}.Release|Any CPU.Build.0 = Release|Any CPU
		{E0701DAA-2CF7-4DF2-A0D1-6B92F332FF03}.Debug|Any CPU.ActiveCfg = Debug|Any CPU
		{E0701DAA-2CF7-4DF2-A0D1-6B92F332FF03}.Debug|Any CPU.Build.0 = Debug|Any CPU
		{E0701DAA-2CF7-4DF2-A0D1-6B92F332FF03}.Release|Any CPU.ActiveCfg = Release|Any CPU
		{E0701DAA-2CF7-4DF2-A0D1-6B92F332FF03}.Release|Any CPU.Build.0 = Release|Any CPU
		{A8B7B478-1A1E-423A-A0E7-4C52C1C0C803}.Debug|Any CPU.ActiveCfg = Debug|Any CPU
		{A8B7B478-1A1E-423A-A0E7-4C52C1C0C803}.Debug|Any CPU.Build.0 = Debug|Any CPU
		{A8B7B478-1A1E-423A-A0E7-4C52C1C0C803}.Release|Any CPU.ActiveCfg = Release|Any CPU
		{A8B7B478-1A1E-423A-A0E7-4C52C1C0C803}.Release|Any CPU.Build.0 = Release|Any CPU
	EndGlobalSection
	GlobalSection(SolutionProperties) = preSolution
		HideSolutionNode = FALSE
	EndGlobalSection
	GlobalSection(NestedProjects) = preSolution
		{4C15C4B2-B93E-4502-ADD0-751CB6BEDF8F} = {60E2AA27-F390-4152-9039-A05388E2D3D8}
		{71B2BF0A-3C15-48ED-80EE-4A05D1982BF5} = {60E2AA27-F390-4152-9039-A05388E2D3D8}
		{DE83BDEA-C292-4C25-985A-20B82D7DA49A} = {14052F2C-4DA2-45FC-8F05-33B7AC728494}
		{E82105A1-8CCD-48E6-BDB0-0674E5A48B57} = {14052F2C-4DA2-45FC-8F05-33B7AC728494}
		{E0701DAA-2CF7-4DF2-A0D1-6B92F332FF03} = {645ABE25-B876-4372-8712-C66AA34020FC}
		{A8B7B478-1A1E-423A-A0E7-4C52C1C0C803} = {60E2AA27-F390-4152-9039-A05388E2D3D8}
	EndGlobalSection
	GlobalSection(ExtensibilityGlobals) = postSolution
		SolutionGuid = {2358CB49-45E6-4E83-85C1-F995C676A43F}
	EndGlobalSection
EndGlobal
